// !$*UTF8*$!
{
	archiveVersion = 1;
	classes = {
	};
	objectVersion = 50;
	objects = {

/* Begin PBXBuildFile section */
		BFD8C03526FBA31900DC03BC /* HW_3_5App.swift in Sources */ = {isa = PBXBuildFile; fileRef = BFD8C03426FBA31900DC03BC /* HW_3_5App.swift */; };
		BFD8C03726FBA31900DC03BC /* ContentView.swift in Sources */ = {isa = PBXBuildFile; fileRef = BFD8C03626FBA31900DC03BC /* ContentView.swift */; };
		BFD8C03926FBA32200DC03BC /* Assets.xcassets in Resources */ = {isa = PBXBuildFile; fileRef = BFD8C03826FBA32200DC03BC /* Assets.xcassets */; };
		BFD8C03C26FBA32200DC03BC /* Preview Assets.xcassets in Resources */ = {isa = PBXBuildFile; fileRef = BFD8C03B26FBA32200DC03BC /* Preview Assets.xcassets */; };
		BFD8C04526FBA45100DC03BC /* Person.swift in Sources */ = {isa = PBXBuildFile; fileRef = BFD8C04426FBA45100DC03BC /* Person.swift */; };
		BFD8C04726FBA4C200DC03BC /* DataManager.swift in Sources */ = {isa = PBXBuildFile; fileRef = BFD8C04626FBA4C200DC03BC /* DataManager.swift */; };
		BFD8C04926FBA7EF00DC03BC /* PersonsList.swift in Sources */ = {isa = PBXBuildFile; fileRef = BFD8C04826FBA7EF00DC03BC /* PersonsList.swift */; };
		BFD8C04B26FBAF4C00DC03BC /* NumbersView.swift in Sources */ = {isa = PBXBuildFile; fileRef = BFD8C04A26FBAF4C00DC03BC /* NumbersView.swift */; };
		BFD8C04D26FBB3A600DC03BC /* MainView.swift in Sources */ = {isa = PBXBuildFile; fileRef = BFD8C04C26FBB3A600DC03BC /* MainView.swift */; };
		BFD8C04F26FBB76F00DC03BC /* PersonDetailsView.swift in Sources */ = {isa = PBXBuildFile; fileRef = BFD8C04E26FBB76F00DC03BC /* PersonDetailsView.swift */; };
		BFD8C05126FBC2AA00DC03BC /* PersonRowView.swift in Sources */ = {isa = PBXBuildFile; fileRef = BFD8C05026FBC2AA00DC03BC /* PersonRowView.swift */; };
		BFD8C05426FBC47500DC03BC /* PersonDetailCard.swift in Sources */ = {isa = PBXBuildFile; fileRef = BFD8C05326FBC47500DC03BC /* PersonDetailCard.swift */; };
/* End PBXBuildFile section */

/* Begin PBXFileReference section */
		BFD8C03126FBA31900DC03BC /* HW_3.5.app */ = {isa = PBXFileReference; explicitFileType = wrapper.application; includeInIndex = 0; path = HW_3.5.app; sourceTree = BUILT_PRODUCTS_DIR; };
		BFD8C03426FBA31900DC03BC /* HW_3_5App.swift */ = {isa = PBXFileReference; lastKnownFileType = sourcecode.swift; path = HW_3_5App.swift; sourceTree = "<group>"; };
		BFD8C03626FBA31900DC03BC /* ContentView.swift */ = {isa = PBXFileReference; lastKnownFileType = sourcecode.swift; path = ContentView.swift; sourceTree = "<group>"; };
		BFD8C03826FBA32200DC03BC /* Assets.xcassets */ = {isa = PBXFileReference; lastKnownFileType = folder.assetcatalog; path = Assets.xcassets; sourceTree = "<group>"; };
		BFD8C03B26FBA32200DC03BC /* Preview Assets.xcassets */ = {isa = PBXFileReference; lastKnownFileType = folder.assetcatalog; path = "Preview Assets.xcassets"; sourceTree = "<group>"; };
		BFD8C03D26FBA32200DC03BC /* Info.plist */ = {isa = PBXFileReference; lastKnownFileType = text.plist.xml; path = Info.plist; sourceTree = "<group>"; };
		BFD8C04426FBA45100DC03BC /* Person.swift */ = {isa = PBXFileReference; lastKnownFileType = sourcecode.swift; path = Person.swift; sourceTree = "<group>"; };
		BFD8C04626FBA4C200DC03BC /* DataManager.swift */ = {isa = PBXFileReference; lastKnownFileType = sourcecode.swift; path = DataManager.swift; sourceTree = "<group>"; };
		BFD8C04826FBA7EF00DC03BC /* PersonsList.swift */ = {isa = PBXFileReference; lastKnownFileType = sourcecode.swift; path = PersonsList.swift; sourceTree = "<group>"; };
		BFD8C04A26FBAF4C00DC03BC /* NumbersView.swift */ = {isa = PBXFileReference; lastKnownFileType = sourcecode.swift; path = NumbersView.swift; sourceTree = "<group>"; };
		BFD8C04C26FBB3A600DC03BC /* MainView.swift */ = {isa = PBXFileReference; lastKnownFileType = sourcecode.swift; path = MainView.swift; sourceTree = "<group>"; };
		BFD8C04E26FBB76F00DC03BC /* PersonDetailsView.swift */ = {isa = PBXFileReference; lastKnownFileType = sourcecode.swift; path = PersonDetailsView.swift; sourceTree = "<group>"; };
		BFD8C05026FBC2AA00DC03BC /* PersonRowView.swift */ = {isa = PBXFileReference; lastKnownFileType = sourcecode.swift; path = PersonRowView.swift; sourceTree = "<group>"; };
		BFD8C05326FBC47500DC03BC /* PersonDetailCard.swift */ = {isa = PBXFileReference; lastKnownFileType = sourcecode.swift; path = PersonDetailCard.swift; sourceTree = "<group>"; };
/* End PBXFileReference section */

/* Begin PBXFrameworksBuildPhase section */
		BFD8C02E26FBA31900DC03BC /* Frameworks */ = {
			isa = PBXFrameworksBuildPhase;
			buildActionMask = 2147483647;
			files = (
			);
			runOnlyForDeploymentPostprocessing = 0;
		};
/* End PBXFrameworksBuildPhase section */

/* Begin PBXGroup section */
		BFD8C02826FBA31900DC03BC = {
			isa = PBXGroup;
			children = (
				BFD8C03326FBA31900DC03BC /* HW_3.5 */,
				BFD8C03226FBA31900DC03BC /* Products */,
			);
			sourceTree = "<group>";
		};
		BFD8C03226FBA31900DC03BC /* Products */ = {
			isa = PBXGroup;
			children = (
				BFD8C03126FBA31900DC03BC /* HW_3.5.app */,
			);
			name = Products;
			sourceTree = "<group>";
		};
		BFD8C03326FBA31900DC03BC /* HW_3.5 */ = {
			isa = PBXGroup;
			children = (
				BFD8C05526FBCD3300DC03BC /* App */,
				BFD8C05226FBC2B600DC03BC /* Views */,
				BFD8C04326FBA44300DC03BC /* Model */,
				BFD8C03826FBA32200DC03BC /* Assets.xcassets */,
				BFD8C03D26FBA32200DC03BC /* Info.plist */,
				BFD8C03A26FBA32200DC03BC /* Preview Content */,
			);
			path = HW_3.5;
			sourceTree = "<group>";
		};
		BFD8C03A26FBA32200DC03BC /* Preview Content */ = {
			isa = PBXGroup;
			children = (
				BFD8C03B26FBA32200DC03BC /* Preview Assets.xcassets */,
			);
			path = "Preview Content";
			sourceTree = "<group>";
		};
		BFD8C04326FBA44300DC03BC /* Model */ = {
			isa = PBXGroup;
			children = (
				BFD8C04426FBA45100DC03BC /* Person.swift */,
				BFD8C04626FBA4C200DC03BC /* DataManager.swift */,
			);
			path = Model;
			sourceTree = "<group>";
		};
		BFD8C05226FBC2B600DC03BC /* Views */ = {
			isa = PBXGroup;
			children = (
				BFD8C04826FBA7EF00DC03BC /* PersonsList.swift */,
				BFD8C05026FBC2AA00DC03BC /* PersonRowView.swift */,
				BFD8C05326FBC47500DC03BC /* PersonDetailCard.swift */,
			);
			path = Views;
			sourceTree = "<group>";
		};
		BFD8C05526FBCD3300DC03BC /* App */ = {
			isa = PBXGroup;
			children = (
				BFD8C03426FBA31900DC03BC /* HW_3_5App.swift */,
				BFD8C04C26FBB3A600DC03BC /* MainView.swift */,
				BFD8C03626FBA31900DC03BC /* ContentView.swift */,
				BFD8C04A26FBAF4C00DC03BC /* NumbersView.swift */,
				BFD8C04E26FBB76F00DC03BC /* PersonDetailsView.swift */,
			);
			path = App;
			sourceTree = "<group>";
		};
/* End PBXGroup section */

/* Begin PBXNativeTarget section */
		BFD8C03026FBA31900DC03BC /* HW_3.5 */ = {
			isa = PBXNativeTarget;
			buildConfigurationList = BFD8C04026FBA32200DC03BC /* Build configuration list for PBXNativeTarget "HW_3.5" */;
			buildPhases = (
				BFD8C02D26FBA31900DC03BC /* Sources */,
				BFD8C02E26FBA31900DC03BC /* Frameworks */,
				BFD8C02F26FBA31900DC03BC /* Resources */,
			);
			buildRules = (
			);
			dependencies = (
			);
			name = HW_3.5;
			productName = HW_3.5;
			productReference = BFD8C03126FBA31900DC03BC /* HW_3.5.app */;
			productType = "com.apple.product-type.application";
		};
/* End PBXNativeTarget section */

/* Begin PBXProject section */
		BFD8C02926FBA31900DC03BC /* Project object */ = {
			isa = PBXProject;
			attributes = {
				LastSwiftUpdateCheck = 1250;
				LastUpgradeCheck = 1250;
				TargetAttributes = {
					BFD8C03026FBA31900DC03BC = {
						CreatedOnToolsVersion = 12.5;
					};
				};
			};
			buildConfigurationList = BFD8C02C26FBA31900DC03BC /* Build configuration list for PBXProject "HW_3.5" */;
			compatibilityVersion = "Xcode 9.3";
			developmentRegion = en;
			hasScannedForEncodings = 0;
			knownRegions = (
				en,
				Base,
			);
			mainGroup = BFD8C02826FBA31900DC03BC;
			productRefGroup = BFD8C03226FBA31900DC03BC /* Products */;
			projectDirPath = "";
			projectRoot = "";
			targets = (
				BFD8C03026FBA31900DC03BC /* HW_3.5 */,
			);
		};
/* End PBXProject section */

/* Begin PBXResourcesBuildPhase section */
		BFD8C02F26FBA31900DC03BC /* Resources */ = {
			isa = PBXResourcesBuildPhase;
			buildActionMask = 2147483647;
			files = (
				BFD8C03C26FBA32200DC03BC /* Preview Assets.xcassets in Resources */,
				BFD8C03926FBA32200DC03BC /* Assets.xcassets in Resources */,
			);
			runOnlyForDeploymentPostprocessing = 0;
		};
/* End PBXResourcesBuildPhase section */

/* Begin PBXSourcesBuildPhase section */
		BFD8C02D26FBA31900DC03BC /* Sources */ = {
			isa = PBXSourcesBuildPhase;
			buildActionMask = 2147483647;
			files = (
				BFD8C04526FBA45100DC03BC /* Person.swift in Sources */,
				BFD8C04D26FBB3A600DC03BC /* MainView.swift in Sources */,
				BFD8C04F26FBB76F00DC03BC /* PersonDetailsView.swift in Sources */,
				BFD8C04726FBA4C200DC03BC /* DataManager.swift in Sources */,
				BFD8C04926FBA7EF00DC03BC /* PersonsList.swift in Sources */,
				BFD8C05426FBC47500DC03BC /* PersonDetailCard.swift in Sources */,
				BFD8C04B26FBAF4C00DC03BC /* NumbersView.swift in Sources */,
				BFD8C03726FBA31900DC03BC /* ContentView.swift in Sources */,
				BFD8C05126FBC2AA00DC03BC /* PersonRowView.swift in Sources */,
				BFD8C03526FBA31900DC03BC /* HW_3_5App.swift in Sources */,
			);
			runOnlyForDeploymentPostprocessing = 0;
		};
/* End PBXSourcesBuildPhase section */

/* Begin XCBuildConfiguration section */
		BFD8C03E26FBA32200DC03BC /* Debug */ = {
			isa = XCBuildConfiguration;
			buildSettings = {
				ALWAYS_SEARCH_USER_PATHS = NO;
				CLANG_ANALYZER_NONNULL = YES;
				CLANG_ANALYZER_NUMBER_OBJECT_CONVERSION = YES_AGGRESSIVE;
				CLANG_CXX_LANGUAGE_STANDARD = "gnu++14";
				CLANG_CXX_LIBRARY = "libc++";
				CLANG_ENABLE_MODULES = YES;
				CLANG_ENABLE_OBJC_ARC = YES;
				CLANG_ENABLE_OBJC_WEAK = YES;
				CLANG_WARN_BLOCK_CAPTURE_AUTORELEASING = YES;
				CLANG_WARN_BOOL_CONVERSION = YES;
				CLANG_WARN_COMMA = YES;
				CLANG_WARN_CONSTANT_CONVERSION = YES;
				CLANG_WARN_DEPRECATED_OBJC_IMPLEMENTATIONS = YES;
				CLANG_WARN_DIRECT_OBJC_ISA_USAGE = YES_ERROR;
				CLANG_WARN_DOCUMENTATION_COMMENTS = YES;
				CLANG_WARN_EMPTY_BODY = YES;
				CLANG_WARN_ENUM_CONVERSION = YES;
				CLANG_WARN_INFINITE_RECURSION = YES;
				CLANG_WARN_INT_CONVERSION = YES;
				CLANG_WARN_NON_LITERAL_NULL_CONVERSION = YES;
				CLANG_WARN_OBJC_IMPLICIT_RETAIN_SELF = YES;
				CLANG_WARN_OBJC_LITERAL_CONVERSION = YES;
				CLANG_WARN_OBJC_ROOT_CLASS = YES_ERROR;
				CLANG_WARN_QUOTED_INCLUDE_IN_FRAMEWORK_HEADER = YES;
				CLANG_WARN_RANGE_LOOP_ANALYSIS = YES;
				CLANG_WARN_STRICT_PROTOTYPES = YES;
				CLANG_WARN_SUSPICIOUS_MOVE = YES;
				CLANG_WARN_UNGUARDED_AVAILABILITY = YES_AGGRESSIVE;
				CLANG_WARN_UNREACHABLE_CODE = YES;
				CLANG_WARN__DUPLICATE_METHOD_MATCH = YES;
				COPY_PHASE_STRIP = NO;
				DEBUG_INFORMATION_FORMAT = dwarf;
				ENABLE_STRICT_OBJC_MSGSEND = YES;
				ENABLE_TESTABILITY = YES;
				GCC_C_LANGUAGE_STANDARD = gnu11;
				GCC_DYNAMIC_NO_PIC = NO;
				GCC_NO_COMMON_BLOCKS = YES;
				GCC_OPTIMIZATION_LEVEL = 0;
				GCC_PREPROCESSOR_DEFINITIONS = (
					"DEBUG=1",
					"$(inherited)",
				);
				GCC_WARN_64_TO_32_BIT_CONVERSION = YES;
				GCC_WARN_ABOUT_RETURN_TYPE = YES_ERROR;
				GCC_WARN_UNDECLARED_SELECTOR = YES;
				GCC_WARN_UNINITIALIZED_AUTOS = YES_AGGRESSIVE;
				GCC_WARN_UNUSED_FUNCTION = YES;
				GCC_WARN_UNUSED_VARIABLE = YES;
				IPHONEOS_DEPLOYMENT_TARGET = 14.5;
				MTL_ENABLE_DEBUG_INFO = INCLUDE_SOURCE;
				MTL_FAST_MATH = YES;
				ONLY_ACTIVE_ARCH = YES;
				SDKROOT = iphoneos;
				SWIFT_ACTIVE_COMPILATION_CONDITIONS = DEBUG;
				SWIFT_OPTIMIZATION_LEVEL = "-Onone";
			};
			name = Debug;
		};
		BFD8C03F26FBA32200DC03BC /* Release */ = {
			isa = XCBuildConfiguration;
			buildSettings = {
				ALWAYS_SEARCH_USER_PATHS = NO;
				CLANG_ANALYZER_NONNULL = YES;
				CLANG_ANALYZER_NUMBER_OBJECT_CONVERSION = YES_AGGRESSIVE;
				CLANG_CXX_LANGUAGE_STANDARD = "gnu++14";
				CLANG_CXX_LIBRARY = "libc++";
				CLANG_ENABLE_MODULES = YES;
				CLANG_ENABLE_OBJC_ARC = YES;
				CLANG_ENABLE_OBJC_WEAK = YES;
				CLANG_WARN_BLOCK_CAPTURE_AUTORELEASING = YES;
				CLANG_WARN_BOOL_CONVERSION = YES;
				CLANG_WARN_COMMA = YES;
				CLANG_WARN_CONSTANT_CONVERSION = YES;
				CLANG_WARN_DEPRECATED_OBJC_IMPLEMENTATIONS = YES;
				CLANG_WARN_DIRECT_OBJC_ISA_USAGE = YES_ERROR;
				CLANG_WARN_DOCUMENTATION_COMMENTS = YES;
				CLANG_WARN_EMPTY_BODY = YES;
				CLANG_WARN_ENUM_CONVERSION = YES;
				CLANG_WARN_INFINITE_RECURSION = YES;
				CLANG_WARN_INT_CONVERSION = YES;
				CLANG_WARN_NON_LITERAL_NULL_CONVERSION = YES;
				CLANG_WARN_OBJC_IMPLICIT_RETAIN_SELF = YES;
				CLANG_WARN_OBJC_LITERAL_CONVERSION = YES;
				CLANG_WARN_OBJC_ROOT_CLASS = YES_ERROR;
				CLANG_WARN_QUOTED_INCLUDE_IN_FRAMEWORK_HEADER = YES;
				CLANG_WARN_RANGE_LOOP_ANALYSIS = YES;
				CLANG_WARN_STRICT_PROTOTYPES = YES;
				CLANG_WARN_SUSPICIOUS_MOVE = YES;
				CLANG_WARN_UNGUARDED_AVAILABILITY = YES_AGGRESSIVE;
				CLANG_WARN_UNREACHABLE_CODE = YES;
				CLANG_WARN__DUPLICATE_METHOD_MATCH = YES;
				COPY_PHASE_STRIP = NO;
				DEBUG_INFORMATION_FORMAT = "dwarf-with-dsym";
				ENABLE_NS_ASSERTIONS = NO;
				ENABLE_STRICT_OBJC_MSGSEND = YES;
				GCC_C_LANGUAGE_STANDARD = gnu11;
				GCC_NO_COMMON_BLOCKS = YES;
				GCC_WARN_64_TO_32_BIT_CONVERSION = YES;
				GCC_WARN_ABOUT_RETURN_TYPE = YES_ERROR;
				GCC_WARN_UNDECLARED_SELECTOR = YES;
				GCC_WARN_UNINITIALIZED_AUTOS = YES_AGGRESSIVE;
				GCC_WARN_UNUSED_FUNCTION = YES;
				GCC_WARN_UNUSED_VARIABLE = YES;
				IPHONEOS_DEPLOYMENT_TARGET = 14.5;
				MTL_ENABLE_DEBUG_INFO = NO;
				MTL_FAST_MATH = YES;
				SDKROOT = iphoneos;
				SWIFT_COMPILATION_MODE = wholemodule;
				SWIFT_OPTIMIZATION_LEVEL = "-O";
				VALIDATE_PRODUCT = YES;
			};
			name = Release;
		};
		BFD8C04126FBA32200DC03BC /* Debug */ = {
			isa = XCBuildConfiguration;
			buildSettings = {
				ASSETCATALOG_COMPILER_APPICON_NAME = AppIcon;
				ASSETCATALOG_COMPILER_GLOBAL_ACCENT_COLOR_NAME = AccentColor;
				CODE_SIGN_STYLE = Automatic;
				DEVELOPMENT_ASSET_PATHS = "\"HW_3.5/Preview Content\"";
				DEVELOPMENT_TEAM = HGNXB64TGD;
				ENABLE_PREVIEWS = YES;
				INFOPLIST_FILE = HW_3.5/Info.plist;
				IPHONEOS_DEPLOYMENT_TARGET = 14.0;
				LD_RUNPATH_SEARCH_PATHS = (
					"$(inherited)",
					"@executable_path/Frameworks",
				);
				PRODUCT_BUNDLE_IDENTIFIER = "com.HW-3-5";
				PRODUCT_NAME = "$(TARGET_NAME)";
				SWIFT_VERSION = 5.0;
				TARGETED_DEVICE_FAMILY = "1,2";
			};
			name = Debug;
		};
		BFD8C04226FBA32200DC03BC /* Release */ = {
			isa = XCBuildConfiguration;
			buildSettings = {
				ASSETCATALOG_COMPILER_APPICON_NAME = AppIcon;
				ASSETCATALOG_COMPILER_GLOBAL_ACCENT_COLOR_NAME = AccentColor;
				CODE_SIGN_STYLE = Automatic;
				DEVELOPMENT_ASSET_PATHS = "\"HW_3.5/Preview Content\"";
				DEVELOPMENT_TEAM = HGNXB64TGD;
				ENABLE_PREVIEWS = YES;
				INFOPLIST_FILE = HW_3.5/Info.plist;
				IPHONEOS_DEPLOYMENT_TARGET = 14.0;
				LD_RUNPATH_SEARCH_PATHS = (
					"$(inherited)",
					"@executable_path/Frameworks",
				);
				PRODUCT_BUNDLE_IDENTIFIER = "com.HW-3-5";
				PRODUCT_NAME = "$(TARGET_NAME)";
				SWIFT_VERSION = 5.0;
				TARGETED_DEVICE_FAMILY = "1,2";
			};
			name = Release;
		};
/* End XCBuildConfiguration section */

/* Begin XCConfigurationList section */
		BFD8C02C26FBA31900DC03BC /* Build configuration list for PBXProject "HW_3.5" */ = {
			isa = XCConfigurationList;
			buildConfigurations = (
				BFD8C03E26FBA32200DC03BC /* Debug */,
				BFD8C03F26FBA32200DC03BC /* Release */,
			);
			defaultConfigurationIsVisible = 0;
			defaultConfigurationName = Release;
		};
		BFD8C04026FBA32200DC03BC /* Build configuration list for PBXNativeTarget "HW_3.5" */ = {
			isa = XCConfigurationList;
			buildConfigurations = (
				BFD8C04126FBA32200DC03BC /* Debug */,
				BFD8C04226FBA32200DC03BC /* Release */,
			);
			defaultConfigurationIsVisible = 0;
			defaultConfigurationName = Release;
		};
/* End XCConfigurationList section */
	};
	rootObject = BFD8C02926FBA31900DC03BC /* Project object */;
}
